version = 1
revision = 3
requires-python = "==3.10.*"

[[package]]
name = "attrs"
version = "26.1.0"
source = { registry = "https://pypi.org/simple" }
sdist = { url = "https://files.pythonhosted.org/packages/9a/8e/82a0fe20a541c03148528be8cac2408564a6c9a0cc7e9171802bc1d26985/attrs-26.1.0.tar.gz", hash = "sha256:d03ceb89cb322a8fd706d4fb91940737b6642aa36998fe130a9bc96c985eff32", size = 952055, upload-time = "2026-03-19T14:22:25.026Z" }
wheels = [
    { url = "https://files.pythonhosted.org/packages/64/b4/17d4b0b2a2dc85a6df63d1157e028ed19f90d4cd97c36717afef2bc2f395/attrs-26.1.0-py3-none-any.whl", hash = "sha256:c647aa4a12dfbad9333ca4e71fe62ddc36f4e63b2d260a37a8b83d2f043ac309", size = 67548, upload-time = "2026-03-19T14:22:23.645Z" },
]

[[package]]
name = "certifi"
version = "2026.2.25"
source = { registry = "https://pypi.org/simple" }
sdist = { url = "https://files.pythonhosted.org/packages/af/2d/7bf41579a8986e348fa033a31cdd0e4121114f6bce2457e8876010b092dd/certifi-2026.2.25.tar.gz", hash = "sha256:e887ab5cee78ea814d3472169153c2d12cd43b14bd03329a39a9c6e2e80bfba7", size = 155029, upload-time = "2026-02-25T02:54:17.342Z" }
wheels = [
    { url = "https://files.pythonhosted.org/packages/9a/3c/c17fb3ca2d9c3acff52e30b309f538586f9f5b9c9cf454f3845fc9af4881/certifi-2026.2.25-py3-none-any.whl", hash = "sha256:027692e4402ad994f1c42e52a4997a9763c646b73e4096e4d5d6db8af1d6f0fa", size = 153684, upload-time = "2026-02-25T02:54:15.766Z" },
]

[[package]]
name = "click"
version = "8.3.2"
source = { registry = "https://pypi.org/simple" }
dependencies = [
    { name = "colorama", marker = "sys_platform == 'win32'" },
]
sdist = { url = "https://files.pythonhosted.org/packages/57/75/31212c6bf2503fdf920d87fee5d7a86a2e3bcf444984126f13d8e4016804/click-8.3.2.tar.gz", hash = "sha256:14162b8b3b3550a7d479eafa77dfd3c38d9dc8951f6f69c78913a8f9a7540fd5", size = 302856, upload-time = "2026-04-03T19:14:45.118Z" }
wheels = [
    { url = "https://files.pythonhosted.org/packages/e4/20/71885d8b97d4f3dde17b1fdb92dbd4908b00541c5a3379787137285f602e/click-8.3.2-py3-none-any.whl", hash = "sha256:1924d2c27c5653561cd2cae4548d1406039cb79b858b747cfea24924bbc1616d", size = 108379, upload-time = "2026-04-03T19:14:43.505Z" },
]

[[package]]
name = "click-plugins"
version = "1.1.1.2"
source = { registry = "https://pypi.org/simple" }
dependencies = [
    { name = "click" },
]
sdist = { url = "https://files.pythonhosted.org/packages/c3/a4/34847b59150da33690a36da3681d6bbc2ec14ee9a846bc30a6746e5984e4/click_plugins-1.1.1.2.tar.gz", hash = "sha256:d7af3984a99d243c131aa1a828331e7630f4a88a9741fd05c927b204bcf92261", size = 8343, upload-time = "2025-06-25T00:47:37.555Z" }
wheels = [
    { url = "https://files.pythonhosted.org/packages/3d/9a/2abecb28ae875e39c8cad711eb1186d8d14eab564705325e77e4e6ab9ae5/click_plugins-1.1.1.2-py2.py3-none-any.whl", hash = "sha256:008d65743833ffc1f5417bf0e78e8d2c23aab04d9745ba817bd3e71b0feb6aa6", size = 11051, upload-time = "2025-06-25T00:47:36.731Z" },
]

[[package]]
name = "cligj"
version = "0.7.2"
source = { registry = "https://pypi.org/simple" }
dependencies = [
    { name = "click" },
]
sdist = { url = "https://files.pythonhosted.org/packages/ea/0d/837dbd5d8430fd0f01ed72c4cfb2f548180f4c68c635df84ce87956cff32/cligj-0.7.2.tar.gz", hash = "sha256:a4bc13d623356b373c2c27c53dbd9c68cae5d526270bfa71f6c6fa69669c6b27", size = 9803, upload-time = "2021-05-28T21:23:27.935Z" }
wheels = [
    { url = "https://files.pythonhosted.org/packages/73/86/43fa9f15c5b9fb6e82620428827cd3c284aa933431405d1bcf5231ae3d3e/cligj-0.7.2-py3-none-any.whl", hash = "sha256:c1ca117dbce1fe20a5809dc96f01e1c2840f6dcc939b3ddbb1111bf330ba82df", size = 7069, upload-time = "2021-05-28T21:23:26.877Z" },
]

[[package]]
name = "colorama"
version = "0.4.6"
source = { registry = "https://pypi.org/simple" }
sdist = { url = "https://files.pythonhosted.org/packages/d8/53/6f443c9a4a8358a93a6792e2acffb9d9d5cb0a5cfd8802644b7b1c9a02e4/colorama-0.4.6.tar.gz", hash = "sha256:08695f5cb7ed6e0531a20572697297273c47b8cae5a63ffc6d6ed5c201be6e44", size = 27697, upload-time = "2022-10-25T02:36:22.414Z" }
wheels = [
    { url = "https://files.pythonhosted.org/packages/d1/d6/3965ed04c63042e047cb6a3e6ed1a63a35087b6a609aa3a15ed8ac56c221/colorama-0.4.6-py2.py3-none-any.whl", hash = "sha256:4f1d9991f5acc0ca119f9d443620b77f9d6b33703e51011c16baf57afb285fc6", size = 25335, upload-time = "2022-10-25T02:36:20.889Z" },
]

[[package]]
name = "exceptiongroup"
version = "1.3.1"
source = { registry = "https://pypi.org/simple" }
dependencies = [
    { name = "typing-extensions" },
]
sdist = { url = "https://files.pythonhosted.org/packages/50/79/66800aadf48771f6b62f7eb014e352e5d06856655206165d775e675a02c9/exceptiongroup-1.3.1.tar.gz", hash = "sha256:8b412432c6055b0b7d14c310000ae93352ed6754f70fa8f7c34141f91c4e3219", size = 30371, upload-time = "2025-11-21T23:01:54.787Z" }
wheels = [
    { url = "https://files.pythonhosted.org/packages/8a/0e/97c33bf5009bdbac74fd2beace167cab3f978feb69cc36f1ef79360d6c4e/exceptiongroup-1.3.1-py3-none-any.whl", hash = "sha256:a7a39a3bd276781e98394987d3a5701d0c4edffb633bb7a5144577f82c773598", size = 16740, upload-time = "2025-11-21T23:01:53.443Z" },
]

[[package]]
name = "fiona"
version = "1.10.1"
source = { registry = "https://pypi.org/simple" }
dependencies = [
    { name = "attrs" },
    { name = "certifi" },
    { name = "click" },
    { name = "click-plugins" },
    { name = "cligj" },
]
sdist = { url = "https://files.pythonhosted.org/packages/51/e0/71b63839cc609e1d62cea2fc9774aa605ece7ea78af823ff7a8f1c560e72/fiona-1.10.1.tar.gz", hash = "sha256:b00ae357669460c6491caba29c2022ff0acfcbde86a95361ea8ff5cd14a86b68", size = 444606, upload-time = "2024-09-16T20:15:47.074Z" }
wheels = [
    { url = "https://files.pythonhosted.org/packages/d0/34/c7e681703db8f8509907ebe6326c5b4fd933f8ae9a7d3ab7a51e507f230e/fiona-1.10.1-cp310-cp310-macosx_10_15_x86_64.whl", hash = "sha256:6e2a94beebda24e5db8c3573fe36110d474d4a12fac0264a3e083c75e9d63829", size = 16143634, upload-time = "2024-09-16T20:14:20.089Z" },
    { url = "https://files.pythonhosted.org/packages/3c/2c/7f1968ecc17350db3c87d0feb59852ea50e7d8688a63659879d92badf90a/fiona-1.10.1-cp310-cp310-macosx_11_0_arm64.whl", hash = "sha256:fc7366f99bdc18ec99441b9e50246fdf5e72923dc9cbb00267b2bf28edd142ba", size = 14750325, upload-time = "2024-09-16T20:14:23.762Z" },
    { url = "https://files.pythonhosted.org/packages/75/cb/73805030100447d40408c8a0f63ec146fb2b6e82692d0c194655c28b6783/fiona-1.10.1-cp310-cp310-manylinux_2_17_x86_64.manylinux2014_x86_64.whl", hash = "sha256:8c32f424b0641c79f4036b96c2e80322fb181b4e415c8cd02d182baef55e6730", size = 17294868, upload-time = "2024-09-16T20:14:26.847Z" },
    { url = "https://files.pythonhosted.org/packages/ca/a3/57d33c2f16a2a6b27911d83301a697ed1491dca48d2f1dd2ed3b58a66244/fiona-1.10.1-cp310-cp310-win_amd64.whl", hash = "sha256:9a67bd88918e87d64168bc9c00d9816d8bb07353594b5ce6c57252979d5dc86e", size = 24480225, upload-time = "2024-09-16T20:14:30.749Z" },
]

[[package]]
name = "geopandas"
version = "1.1.3"
source = { registry = "https://pypi.org/simple" }
dependencies = [
    { name = "numpy" },
    { name = "packaging" },
    { name = "pandas" },
    { name = "pyogrio" },
    { name = "pyproj" },
    { name = "shapely" },
]
sdist = { url = "https://files.pythonhosted.org/packages/85/ba/8e6b2091878e99e86a36a814dcaeff652ed48bdb03d53e78e15aaa63a914/geopandas-1.1.3.tar.gz", hash = "sha256:91a31989b6f566012838d21d5f8033f37dce882079ccb7cfdc40d5ccce7f284f", size = 336718, upload-time = "2026-03-09T21:49:09.545Z" }
wheels = [
    { url = "https://files.pythonhosted.org/packages/3c/78/6a04792ace63a93e162f1305392d500ae8ddcb620e7eb88a22fd622b35bb/geopandas-1.1.3-py3-none-any.whl", hash = "sha256:90d62a64f95eaa3be2ccc115c5f3d6e24208bb11983b390fdc0621a3eccd0230", size = 342514, upload-time = "2026-03-09T21:49:07.973Z" },
]

[[package]]
name = "ijson"
version = "3.5.0"
source = { registry = "https://pypi.org/simple" }
sdist = { url = "https://files.pythonhosted.org/packages/f4/57/60d1a6a512f2f0508d0bc8b4f1cc5616fd3196619b66bd6a01f9155a1292/ijson-3.5.0.tar.gz", hash = "sha256:94688760720e3f5212731b3cb8d30267f9a045fb38fb3870254e7b9504246f31", size = 68658, upload-time = "2026-02-24T03:58:30.974Z" }
wheels = [
    { url = "https://files.pythonhosted.org/packages/6e/32/21c1b47a1afb7319944d0b9685c0997a9d574a77b030c82f6a1ac2cef4eb/ijson-3.5.0-cp310-cp310-macosx_10_9_universal2.whl", hash = "sha256:ea8dcac10d86adaeead454bc25c97b68d0bda573d5fd6f86f5e21cf8f7906f88", size = 88935, upload-time = "2026-02-24T03:56:40.591Z" },
    { url = "https://files.pythonhosted.org/packages/86/f7/6ac7ebbb3cd767c87cdcbb950a6754afd1c0977756347bfe03eb8e5b866d/ijson-3.5.0-cp310-cp310-macosx_10_9_x86_64.whl", hash = "sha256:92b0495bbb2150bbf14fc5d98fb6d76bcd1c526605a172709e602e6fedc96495", size = 60567, upload-time = "2026-02-24T03:56:41.919Z" },
    { url = "https://files.pythonhosted.org/packages/c4/98/1140de9ae872468a8bc2e87c171228e25e58b1eb696b7fb430f7590fea44/ijson-3.5.0-cp310-cp310-macosx_11_0_arm64.whl", hash = "sha256:7af0c4c8943be8b09a4e57bdc1da6001dae7b36526d4154fe5c8224738d0921f", size = 60620, upload-time = "2026-02-24T03:56:42.764Z" },
    { url = "https://files.pythonhosted.org/packages/60/e1/67dfe0774e4c7ca6ec8702e280e8764d356f3db54358999818cda6df7679/ijson-3.5.0-cp310-cp310-manylinux1_i686.manylinux_2_28_i686.manylinux_2_5_i686.whl", hash = "sha256:45887d5e84ff0d2b138c926cebd9071830733968afe8d9d12080b3c178c7f918", size = 126558, upload-time = "2026-02-24T03:56:43.922Z" },
    { url = "https://files.pythonhosted.org/packages/1f/ef/23d614fc773d428caeb6e197218b7e32adcc668ff5b98777039149571208/ijson-3.5.0-cp310-cp310-manylinux2014_aarch64.manylinux_2_17_aarch64.manylinux_2_28_aarch64.whl", hash = "sha256:9a70b575be8e57a28c80e90ed349ad3a851c3478524c70e36e07d6092ecd12c9", size = 133091, upload-time = "2026-02-24T03:56:45.291Z" },
    { url = "https://files.pythonhosted.org/packages/b8/80/99727603cd8a1d32edafa4392f4056b2420bf48c15afd34481c68a2d4435/ijson-3.5.0-cp310-cp310-manylinux2014_x86_64.manylinux_2_17_x86_64.manylinux_2_28_x86_64.whl", hash = "sha256:2adeecd45830bfd5580ca79a584154713aabef0b9607e16249133df5d2859813", size = 130249, upload-time = "2026-02-24T03:56:46.333Z" },
    { url = "https://files.pythonhosted.org/packages/0b/94/3a3d623ca80768e834be8a834ef05960e3b9e79af1a911704ff10c9e8792/ijson-3.5.0-cp310-cp310-musllinux_1_2_aarch64.whl", hash = "sha256:d873e72889e7fc5962ab58909f1adff338d7c2f49e450e5b5fe844eff8155a14", size = 133501, upload-time = "2026-02-24T03:56:47.54Z" },
    { url = "https://files.pythonhosted.org/packages/cf/f6/df2c14ad340834eccee379046f155e4b66a16ddafd445429dee7b3323614/ijson-3.5.0-cp310-cp310-musllinux_1_2_i686.whl", hash = "sha256:9a88c559456a79708592234d697645d92b599718f4cbbeaa6515f83ac63ca0ae", size = 128438, upload-time = "2026-02-24T03:56:48.455Z" },
    { url = "https://files.pythonhosted.org/packages/0c/7e/9ff5b8b5fee113f5607bc4149b707382a898eeb545153189b075e5ec8d59/ijson-3.5.0-cp310-cp310-musllinux_1_2_x86_64.whl", hash = "sha256:cf83f58ad50dc0d39a2105cb26d4f359b38f42cef68b913170d4d47d97d97ba5", size = 131116, upload-time = "2026-02-24T03:56:49.737Z" },
    { url = "https://files.pythonhosted.org/packages/64/20/954ce0d440d7cf72a3d8361b14406f9cdbf624b1625c10f8488857c769d6/ijson-3.5.0-cp310-cp310-win32.whl", hash = "sha256:aec4580a7712a19b1f95cd41bed260fc6a31266d37ef941827772a4c199e8143", size = 52724, upload-time = "2026-02-24T03:56:50.932Z" },
    { url = "https://files.pythonhosted.org/packages/24/33/ece87d60502c6115642cbabeb8c122fa982212b392bc4f4ff5aab8e02dac/ijson-3.5.0-cp310-cp310-win_amd64.whl", hash = "sha256:9a9c4c70501e23e8eb1675330686d1598eebfa14b6f0dbc8f00c2e081cc628fa", size = 55125, upload-time = "2026-02-24T03:56:51.942Z" },
]

[[package]]
name = "iniconfig"
version = "2.3.0"
source = { registry = "https://pypi.org/simple" }
sdist = { url = "https://files.pythonhosted.org/packages/72/34/14ca021ce8e5dfedc35312d08ba8bf51fdd999c576889fc2c24cb97f4f10/iniconfig-2.3.0.tar.gz", hash = "sha256:c76315c77db068650d49c5b56314774a7804df16fee4402c1f19d6d15d8c4730", size = 20503, upload-time = "2025-10-18T21:55:43.219Z" }
wheels = [
    { url = "https://files.pythonhosted.org/packages/cb/b1/3846dd7f199d53cb17f49cba7e651e9ce294d8497c8c150530ed11865bb8/iniconfig-2.3.0-py3-none-any.whl", hash = "sha256:f631c04d2c48c52b84d0d0549c99ff3859c98df65b3101406327ecc7d53fbf12", size = 7484, upload-time = "2025-10-18T21:55:41.639Z" },
]

[[package]]
name = "numpy"
version = "2.2.6"
source = { registry = "https://pypi.org/simple" }
sdist = { url = "https://files.pythonhosted.org/packages/76/21/7d2a95e4bba9dc13d043ee156a356c0a8f0c6309dff6b21b4d71a073b8a8/numpy-2.2.6.tar.gz", hash = "sha256:e29554e2bef54a90aa5cc07da6ce955accb83f21ab5de01a62c8478897b264fd", size = 20276440, upload-time = "2025-05-17T22:38:04.611Z" }
wheels = [
    { url = "https://files.pythonhosted.org/packages/9a/3e/ed6db5be21ce87955c0cbd3009f2803f59fa08df21b5df06862e2d8e2bdd/numpy-2.2.6-cp310-cp310-macosx_10_9_x86_64.whl", hash = "sha256:b412caa66f72040e6d268491a59f2c43bf03eb6c96dd8f0307829feb7fa2b6fb", size = 21165245, upload-time = "2025-05-17T21:27:58.555Z" },
    { url = "https://files.pythonhosted.org/packages/22/c2/4b9221495b2a132cc9d2eb862e21d42a009f5a60e45fc44b00118c174bff/numpy-2.2.6-cp310-cp310-macosx_11_0_arm64.whl", hash = "sha256:8e41fd67c52b86603a91c1a505ebaef50b3314de0213461c7a6e99c9a3beff90", size = 14360048, upload-time = "2025-05-17T21:28:21.406Z" },
    { url = "https://files.pythonhosted.org/packages/fd/77/dc2fcfc66943c6410e2bf598062f5959372735ffda175b39906d54f02349/numpy-2.2.6-cp310-cp310-macosx_14_0_arm64.whl", hash = "sha256:37e990a01ae6ec7fe7fa1c26c55ecb672dd98b19c3d0e1d1f326fa13cb38d163", size = 5340542, upload-time = "2025-05-17T21:28:30.931Z" },
    { url = "https://files.pythonhosted.org/packages/7a/4f/1cb5fdc353a5f5cc7feb692db9b8ec2c3d6405453f982435efc52561df58/numpy-2.2.6-cp310-cp310-macosx_14_0_x86_64.whl", hash = "sha256:5a6429d4be8ca66d889b7cf70f536a397dc45ba6faeb5f8c5427935d9592e9cf", size = 6878301, upload-time = "2025-05-17T21:28:41.613Z" },
    { url = "https://files.pythonhosted.org/packages/eb/17/96a3acd228cec142fcb8723bd3cc39c2a474f7dcf0a5d16731980bcafa95/numpy-2.2.6-cp310-cp310-manylinux_2_17_aarch64.manylinux2014_aarch64.whl", hash = "sha256:efd28d4e9cd7d7a8d39074a4d44c63eda73401580c5c76acda2ce969e0a38e83", size = 14297320, upload-time = "2025-05-17T21:29:02.78Z" },
    { url = "https://files.pythonhosted.org/packages/b4/63/3de6a34ad7ad6646ac7d2f55ebc6ad439dbbf9c4370017c50cf403fb19b5/numpy-2.2.6-cp310-cp310-manylinux_2_17_x86_64.manylinux2014_x86_64.whl", hash = "sha256:fc7b73d02efb0e18c000e9ad8b83480dfcd5dfd11065997ed4c6747470ae8915", size = 16801050, upload-time = "2025-05-17T21:29:27.675Z" },
    { url = "https://files.pythonhosted.org/packages/07/b6/89d837eddef52b3d0cec5c6ba0456c1bf1b9ef6a6672fc2b7873c3ec4e2e/numpy-2.2.6-cp310-cp310-musllinux_1_2_aarch64.whl", hash = "sha256:74d4531beb257d2c3f4b261bfb0fc09e0f9ebb8842d82a7b4209415896adc680", size = 15807034, upload-time = "2025-05-17T21:29:51.102Z" },
    { url = "https://files.pythonhosted.org/packages/01/c8/dc6ae86e3c61cfec1f178e5c9f7858584049b6093f843bca541f94120920/numpy-2.2.6-cp310-cp310-musllinux_1_2_x86_64.whl", hash = "sha256:8fc377d995680230e83241d8a96def29f204b5782f371c532579b4f20607a289", size = 18614185, upload-time = "2025-05-17T21:30:18.703Z" },
    { url = "https://files.pythonhosted.org/packages/5b/c5/0064b1b7e7c89137b471ccec1fd2282fceaae0ab3a9550f2568782d80357/numpy-2.2.6-cp310-cp310-win32.whl", hash = "sha256:b093dd74e50a8cba3e873868d9e93a85b78e0daf2e98c6797566ad8044e8363d", size = 6527149, upload-time = "2025-05-17T21:30:29.788Z" },
    { url = "https://files.pythonhosted.org/packages/a3/dd/4b822569d6b96c39d1215dbae0582fd99954dcbcf0c1a13c61783feaca3f/numpy-2.2.6-cp310-cp310-win_amd64.whl", hash = "sha256:f0fd6321b839904e15c46e0d257fdd101dd7f530fe03fd6359c1ea63738703f3", size = 12904620, upload-time = "2025-05-17T21:30:48.994Z" },
    { url = "https://files.pythonhosted.org/packages/9e/3b/d94a75f4dbf1ef5d321523ecac21ef23a3cd2ac8b78ae2aac40873590229/numpy-2.2.6-pp310-pypy310_pp73-macosx_10_15_x86_64.whl", hash = "sha256:0b605b275d7bd0c640cad4e5d30fa701a8d59302e127e5f79138ad62762c3e3d", size = 21040391, upload-time = "2025-05-17T21:44:35.948Z" },
    { url = "https://files.pythonhosted.org/packages/17/f4/09b2fa1b58f0fb4f7c7963a1649c64c4d315752240377ed74d9cd878f7b5/numpy-2.2.6-pp310-pypy310_pp73-macosx_14_0_x86_64.whl", hash = "sha256:7befc596a7dc9da8a337f79802ee8adb30a552a94f792b9c9d18c840055907db", size = 6786754, upload-time = "2025-05-17T21:44:47.446Z" },
    { url = "https://files.pythonhosted.org/packages/af/30/feba75f143bdc868a1cc3f44ccfa6c4b9ec522b36458e738cd00f67b573f/numpy-2.2.6-pp310-pypy310_pp73-manylinux_2_17_x86_64.manylinux2014_x86_64.whl", hash = "sha256:ce47521a4754c8f4593837384bd3424880629f718d87c5d44f8ed763edd63543", size = 16643476, upload-time = "2025-05-17T21:45:11.871Z" },
    { url = "https://files.pythonhosted.org/packages/37/48/ac2a9584402fb6c0cd5b5d1a91dcf176b15760130dd386bbafdbfe3640bf/numpy-2.2.6-pp310-pypy310_pp73-win_amd64.whl", hash = "sha256:d042d24c90c41b54fd506da306759e06e568864df8ec17ccc17e9e884634fd00", size = 12812666, upload-time = "2025-05-17T21:45:31.426Z" },
]

[[package]]
name = "packaging"
version = "26.0"
source = { registry = "https://pypi.org/simple" }
sdist = { url = "https://files.pythonhosted.org/packages/65/ee/299d360cdc32edc7d2cf530f3accf79c4fca01e96ffc950d8a52213bd8e4/packaging-26.0.tar.gz", hash = "sha256:00243ae351a257117b6a241061796684b084ed1c516a08c48a3f7e147a9d80b4", size = 143416, upload-time = "2026-01-21T20:50:39.064Z" }
wheels = [
    { url = "https://files.pythonhosted.org/packages/b7/b9/c538f279a4e237a006a2c98387d081e9eb060d203d8ed34467cc0f0b9b53/packaging-26.0-py3-none-any.whl", hash = "sha256:b36f1fef9334a5588b4166f8bcd26a14e521f2b55e6b9de3aaa80d3ff7a37529", size = 74366, upload-time = "2026-01-21T20:50:37.788Z" },
]

[[package]]
name = "pandas"
version = "2.3.3"
source = { registry = "https://pypi.org/simple" }
dependencies = [
    { name = "numpy" },
    { name = "python-dateutil" },
    { name = "pytz" },
    { name = "tzdata" },
]
sdist = { url = "https://files.pythonhosted.org/packages/33/01/d40b85317f86cf08d853a4f495195c73815fdf205eef3993821720274518/pandas-2.3.3.tar.gz", hash = "sha256:e05e1af93b977f7eafa636d043f9f94c7ee3ac81af99c13508215942e64c993b", size = 4495223, upload-time = "2025-09-29T23:34:51.853Z" }
wheels = [
    { url = "https://files.pythonhosted.org/packages/3d/f7/f425a00df4fcc22b292c6895c6831c0c8ae1d9fac1e024d16f98a9ce8749/pandas-2.3.3-cp310-cp310-macosx_10_9_x86_64.whl", hash = "sha256:376c6446ae31770764215a6c937f72d917f214b43560603cd60da6408f183b6c", size = 11555763, upload-time = "2025-09-29T23:16:53.287Z" },
    { url = "https://files.pythonhosted.org/packages/13/4f/66d99628ff8ce7857aca52fed8f0066ce209f96be2fede6cef9f84e8d04f/pandas-2.3.3-cp310-cp310-macosx_11_0_arm64.whl", hash = "sha256:e19d192383eab2f4ceb30b412b22ea30690c9e618f78870357ae1d682912015a", size = 10801217, upload-time = "2025-09-29T23:17:04.522Z" },
    { url = "https://files.pythonhosted.org/packages/1d/03/3fc4a529a7710f890a239cc496fc6d50ad4a0995657dccc1d64695adb9f4/pandas-2.3.3-cp310-cp310-manylinux_2_24_aarch64.manylinux_2_28_aarch64.whl", hash = "sha256:5caf26f64126b6c7aec964f74266f435afef1c1b13da3b0636c7518a1fa3e2b1", size = 12148791, upload-time = "2025-09-29T23:17:18.444Z" },
    { url = "https://files.pythonhosted.org/packages/40/a8/4dac1f8f8235e5d25b9955d02ff6f29396191d4e665d71122c3722ca83c5/pandas-2.3.3-cp310-cp310-manylinux_2_24_x86_64.manylinux_2_28_x86_64.whl", hash = "sha256:dd7478f1463441ae4ca7308a70e90b33470fa593429f9d4c578dd00d1fa78838", size = 12769373, upload-time = "2025-09-29T23:17:35.846Z" },
    { url = "https://files.pythonhosted.org/packages/df/91/82cc5169b6b25440a7fc0ef3a694582418d875c8e3ebf796a6d6470aa578/pandas-2.3.3-cp310-cp310-musllinux_1_2_aarch64.whl", hash = "sha256:4793891684806ae50d1288c9bae9330293ab4e083ccd1c5e383c34549c6e4250", size = 13200444, upload-time = "2025-09-29T23:17:49.341Z" },
    { url = "https://files.pythonhosted.org/packages/10/ae/89b3283800ab58f7af2952704078555fa60c807fff764395bb57ea0b0dbd/pandas-2.3.3-cp310-cp310-musllinux_1_2_x86_64.whl", hash = "sha256:28083c648d9a99a5dd035ec125d42439c6c1c525098c58af0fc38dd1a7a1b3d4", size = 13858459, upload-time = "2025-09-29T23:18:03.722Z" },
    { url = "https://files.pythonhosted.org/packages/85/72/530900610650f54a35a19476eca5104f38555afccda1aa11a92ee14cb21d/pandas-2.3.3-cp310-cp310-win_amd64.whl", hash = "sha256:503cf027cf9940d2ceaa1a93cfb5f8c8c7e6e90720a2850378f0b3f3b1e06826", size = 11346086, upload-time = "2025-09-29T23:18:18.505Z" },
]

[[package]]
name = "pillow"
version = "11.3.0"
source = { registry = "https://pypi.org/simple" }
sdist = { url = "https://files.pythonhosted.org/packages/f3/0d/d0d6dea55cd152ce3d6767bb38a8fc10e33796ba4ba210cbab9354b6d238/pillow-11.3.0.tar.gz", hash = "sha256:3828ee7586cd0b2091b6209e5ad53e20d0649bbe87164a459d0676e035e8f523", size = 47113069, upload-time = "2025-07-01T09:16:30.666Z" }
wheels = [
    { url = "https://files.pythonhosted.org/packages/4c/5d/45a3553a253ac8763f3561371432a90bdbe6000fbdcf1397ffe502aa206c/pillow-11.3.0-cp310-cp310-macosx_10_10_x86_64.whl", hash = "sha256:1b9c17fd4ace828b3003dfd1e30bff24863e0eb59b535e8f80194d9cc7ecf860", size = 5316554, upload-time = "2025-07-01T09:13:39.342Z" },
    { url = "https://files.pythonhosted.org/packages/7c/c8/67c12ab069ef586a25a4a79ced553586748fad100c77c0ce59bb4983ac98/pillow-11.3.0-cp310-cp310-macosx_11_0_arm64.whl", hash = "sha256:65dc69160114cdd0ca0f35cb434633c75e8e7fad4cf855177a05bf38678f73ad", size = 4686548, upload-time = "2025-07-01T09:13:41.835Z" },
    { url = "https://files.pythonhosted.org/packages/2f/bd/6741ebd56263390b382ae4c5de02979af7f8bd9807346d068700dd6d5cf9/pillow-11.3.0-cp310-cp310-manylinux2014_aarch64.manylinux_2_17_aarch64.whl", hash = "sha256:7107195ddc914f656c7fc8e4a5e1c25f32e9236ea3ea860f257b0436011fddd0", size = 5859742, upload-time = "2025-07-03T13:09:47.439Z" },
    { url = "https://files.pythonhosted.org/packages/ca/0b/c412a9e27e1e6a829e6ab6c2dca52dd563efbedf4c9c6aa453d9a9b77359/pillow-11.3.0-cp310-cp310-manylinux2014_x86_64.manylinux_2_17_x86_64.whl", hash = "sha256:cc3e831b563b3114baac7ec2ee86819eb03caa1a2cef0b481a5675b59c4fe23b", size = 7633087, upload-time = "2025-07-03T13:09:51.796Z" },
    { url = "https://files.pythonhosted.org/packages/59/9d/9b7076aaf30f5dd17e5e5589b2d2f5a5d7e30ff67a171eb686e4eecc2adf/pillow-11.3.0-cp310-cp310-manylinux_2_27_aarch64.manylinux_2_28_aarch64.whl", hash = "sha256:f1f182ebd2303acf8c380a54f615ec883322593320a9b00438eb842c1f37ae50", size = 5963350, upload-time = "2025-07-01T09:13:43.865Z" },
    { url = "https://files.pythonhosted.org/packages/f0/16/1a6bf01fb622fb9cf5c91683823f073f053005c849b1f52ed613afcf8dae/pillow-11.3.0-cp310-cp310-manylinux_2_27_x86_64.manylinux_2_28_x86_64.whl", hash = "sha256:4445fa62e15936a028672fd48c4c11a66d641d2c05726c7ec1f8ba6a572036ae", size = 6631840, upload-time = "2025-07-01T09:13:46.161Z" },
    { url = "https://files.pythonhosted.org/packages/7b/e6/6ff7077077eb47fde78739e7d570bdcd7c10495666b6afcd23ab56b19a43/pillow-11.3.0-cp310-cp310-musllinux_1_2_aarch64.whl", hash = "sha256:71f511f6b3b91dd543282477be45a033e4845a40278fa8dcdbfdb07109bf18f9", size = 6074005, upload-time = "2025-07-01T09:13:47.829Z" },
    { url = "https://files.pythonhosted.org/packages/c3/3a/b13f36832ea6d279a697231658199e0a03cd87ef12048016bdcc84131601/pillow-11.3.0-cp310-cp310-musllinux_1_2_x86_64.whl", hash = "sha256:040a5b691b0713e1f6cbe222e0f4f74cd233421e105850ae3b3c0ceda520f42e", size = 6708372, upload-time = "2025-07-01T09:13:52.145Z" },
    { url = "https://files.pythonhosted.org/packages/6c/e4/61b2e1a7528740efbc70b3d581f33937e38e98ef3d50b05007267a55bcb2/pillow-11.3.0-cp310-cp310-win32.whl", hash = "sha256:89bd777bc6624fe4115e9fac3352c79ed60f3bb18651420635f26e643e3dd1f6", size = 6277090, upload-time = "2025-07-01T09:13:53.915Z" },
    { url = "https://files.pythonhosted.org/packages/a9/d3/60c781c83a785d6afbd6a326ed4d759d141de43aa7365725cbcd65ce5e54/pillow-11.3.0-cp310-cp310-win_amd64.whl", hash = "sha256:19d2ff547c75b8e3ff46f4d9ef969a06c30ab2d4263a9e287733aa8b2429ce8f", size = 6985988, upload-time = "2025-07-01T09:13:55.699Z" },
    { url = "https://files.pythonhosted.org/packages/9f/28/4f4a0203165eefb3763939c6789ba31013a2e90adffb456610f30f613850/pillow-11.3.0-cp310-cp310-win_arm64.whl", hash = "sha256:819931d25e57b513242859ce1876c58c59dc31587847bf74cfe06b2e0cb22d2f", size = 2422899, upload-time = "2025-07-01T09:13:57.497Z" },
    { url = "https://files.pythonhosted.org/packages/6f/8b/209bd6b62ce8367f47e68a218bffac88888fdf2c9fcf1ecadc6c3ec1ebc7/pillow-11.3.0-pp310-pypy310_pp73-macosx_10_15_x86_64.whl", hash = "sha256:3cee80663f29e3843b68199b9d6f4f54bd1d4a6b59bdd91bceefc51238bcb967", size = 5270556, upload-time = "2025-07-01T09:16:09.961Z" },
    { url = "https://files.pythonhosted.org/packages/2e/e6/231a0b76070c2cfd9e260a7a5b504fb72da0a95279410fa7afd99d9751d6/pillow-11.3.0-pp310-pypy310_pp73-macosx_11_0_arm64.whl", hash = "sha256:b5f56c3f344f2ccaf0dd875d3e180f631dc60a51b314295a3e681fe8cf851fbe", size = 4654625, upload-time = "2025-07-01T09:16:11.913Z" },
    { url = "https://files.pythonhosted.org/packages/13/f4/10cf94fda33cb12765f2397fc285fa6d8eb9c29de7f3185165b702fc7386/pillow-11.3.0-pp310-pypy310_pp73-manylinux2014_aarch64.manylinux_2_17_aarch64.whl", hash = "sha256:e67d793d180c9df62f1f40aee3accca4829d3794c95098887edc18af4b8b780c", size = 4874207, upload-time = "2025-07-03T13:11:10.201Z" },
    { url = "https://files.pythonhosted.org/packages/72/c9/583821097dc691880c92892e8e2d41fe0a5a3d6021f4963371d2f6d57250/pillow-11.3.0-pp310-pypy310_pp73-manylinux2014_x86_64.manylinux_2_17_x86_64.whl", hash = "sha256:d000f46e2917c705e9fb93a3606ee4a819d1e3aa7a9b442f6444f07e77cf5e25", size = 6583939, upload-time = "2025-07-03T13:11:15.68Z" },
    { url = "https://files.pythonhosted.org/packages/3b/8e/5c9d410f9217b12320efc7c413e72693f48468979a013ad17fd690397b9a/pillow-11.3.0-pp310-pypy310_pp73-manylinux_2_27_aarch64.manylinux_2_28_aarch64.whl", hash = "sha256:527b37216b6ac3a12d7838dc3bd75208ec57c1c6d11ef01902266a5a0c14fc27", size = 4957166, upload-time = "2025-07-01T09:16:13.74Z" },
    { url = "https://files.pythonhosted.org/packages/62/bb/78347dbe13219991877ffb3a91bf09da8317fbfcd4b5f9140aeae020ad71/pillow-11.3.0-pp310-pypy310_pp73-manylinux_2_27_x86_64.manylinux_2_28_x86_64.whl", hash = "sha256:be5463ac478b623b9dd3937afd7fb7ab3d79dd290a28e2b6df292dc75063eb8a", size = 5581482, upload-time = "2025-07-01T09:16:16.107Z" },
    { url = "https://files.pythonhosted.org/packages/d9/28/1000353d5e61498aaeaaf7f1e4b49ddb05f2c6575f9d4f9f914a3538b6e1/pillow-11.3.0-pp310-pypy310_pp73-win_amd64.whl", hash = "sha256:8dc70ca24c110503e16918a658b869019126ecfe03109b754c402daff12b3d9f", size = 6984596, upload-time = "2025-07-01T09:16:18.07Z" },
]

[[package]]
name = "pluggy"
version = "1.6.0"
source = { registry = "https://pypi.org/simple" }
sdist = { url = "https://files.pythonhosted.org/packages/f9/e2/3e91f31a7d2b083fe6ef3fa267035b518369d9511ffab804f839851d2779/pluggy-1.6.0.tar.gz", hash = "sha256:7dcc130b76258d33b90f61b658791dede3486c3e6bfb003ee5c9bfb396dd22f3", size = 69412, upload-time = "2025-05-15T12:30:07.975Z" }
wheels = [
    { url = "https://files.pythonhosted.org/packages/54/20/4d324d65cc6d9205fabedc306948156824eb9f0ee1633355a8f7ec5c66bf/pluggy-1.6.0-py3-none-any.whl", hash = "sha256:e920276dd6813095e9377c0bc5566d94c932c33b27a3e3945d8389c374dd4746", size = 20538, upload-time = "2025-05-15T12:30:06.134Z" },
]

[[package]]
name = "pygments"
version = "2.19.2"
source = { registry = "https://pypi.org/simple" }
sdist = { url = "https://files.pythonhosted.org/packages/b0/77/a5b8c569bf593b0140bde72ea885a803b82086995367bf2037de0159d924/pygments-2.19.2.tar.gz", hash = "sha256:636cb2477cec7f8952536970bc533bc43743542f70392ae026374600add5b887", size = 4968631, upload-time = "2025-06-21T13:39:12.283Z" }
wheels = [
    { url = "https://files.pythonhosted.org/packages/c7/21/705964c7812476f378728bdf590ca4b771ec72385c533964653c68e86bdc/pygments-2.19.2-py3-none-any.whl", hash = "sha256:86540386c03d588bb81d44bc3928634ff26449851e99741617ecb9037ee5ec0b", size = 1225217, upload-time = "2025-06-21T13:39:07.939Z" },
]

[[package]]
name = "pyogrio"
version = "0.12.1"
source = { registry = "https://pypi.org/simple" }
dependencies = [
    { name = "certifi" },
    { name = "numpy" },
    { name = "packaging" },
]
sdist = { url = "https://files.pythonhosted.org/packages/49/d4/12f86b1ed09721363da4c09622464b604c851a9223fc0c6b393fb2012208/pyogrio-0.12.1.tar.gz", hash = "sha256:e548ab705bb3e5383693717de1e6c76da97f3762ab92522cb310f93128a75ff1", size = 303289, upload-time = "2025-11-28T19:04:53.341Z" }
wheels = [
    { url = "https://files.pythonhosted.org/packages/26/04/e69f476c4cc279adc6d26194da4d3497f5d9efdd46777a6c0ad59c09233f/pyogrio-0.12.1-cp310-cp310-macosx_12_0_arm64.whl", hash = "sha256:5c4735235ca0d8dcdb4ecd69bd73e66762d161bce913b10d4458a18137cc7062", size = 23672707, upload-time = "2025-11-28T19:02:54.87Z" },
    { url = "https://files.pythonhosted.org/packages/a3/9e/805d640f050fc4a064ee5ba3289457f47d7f3464b57140caa8ddac039a67/pyogrio-0.12.1-cp310-cp310-macosx_12_0_x86_64.whl", hash = "sha256:3249d06c2520857b622f3ff0f1b7b4849291ee1fb72f21587825f5fd0f24b787", size = 25247903, upload-time = "2025-11-28T19:02:57.756Z" },
    { url = "https://files.pythonhosted.org/packages/05/c3/65577611485bc3e53a466ffbcd2407f89e8bd7e1c4554e8a0d23a4b8a636/pyogrio-0.12.1-cp310-cp310-manylinux2014_x86_64.manylinux_2_17_x86_64.whl", hash = "sha256:f4011b63f9d6c278ee6605971ffabe30b0e8f5992ec2c6df8c70ecfa68a5d02b", size = 31279563, upload-time = "2025-11-28T19:03:00.344Z" },
    { url = "https://files.pythonhosted.org/packages/b1/a6/5c03dffaf02542e8bae6c785d3e302bf4b890cd2ab281336b3c4dc867f84/pyogrio-0.12.1-cp310-cp310-manylinux_2_28_aarch64.whl", hash = "sha256:940857c45051e1e19608ebfe8338bcdf7dd005389057431a3c7b5bff5beb0a5f", size = 30831678, upload-time = "2025-11-28T19:03:03.234Z" },
    { url = "https://files.pythonhosted.org/packages/c8/aa/0e484c13cf14bbe46c366ad363ab2406242a0fba85a7561d42bbd34c35dd/pyogrio-0.12.1-cp310-cp310-manylinux_2_28_x86_64.whl", hash = "sha256:0fd86bcd69126739325a543a489f312b5fd86db092d2dead682772ae4ee434f3", size = 32380362, upload-time = "2025-11-28T19:03:06.098Z" },
    { url = "https://files.pythonhosted.org/packages/7a/7c/cc515005780235d9ab14a29d33868bcaa1d5b423cee7995dda94735c41dd/pyogrio-0.12.1-cp310-cp310-win_amd64.whl", hash = "sha256:dcf9cca273ead32beba7c002dd3db8a304105f52dd66200d48fa1ef30d0676af", size = 22940628, upload-time = "2025-11-28T19:03:08.568Z" },
]

[[package]]
name = "pyproj"
version = "3.6.1"
source = { registry = "https://pypi.org/simple" }
dependencies = [
    { name = "certifi" },
]
sdist = { url = "https://files.pythonhosted.org/packages/7d/84/2b39bbf888c753ea48b40d47511548c77aa03445465c35cc4c4e9649b643/pyproj-3.6.1.tar.gz", hash = "sha256:44aa7c704c2b7d8fb3d483bbf75af6cb2350d30a63b144279a09b75fead501bf", size = 225131, upload-time = "2023-09-21T02:07:51.593Z" }
wheels = [
    { url = "https://files.pythonhosted.org/packages/c5/32/63cf474f4a8d4804b3bdf7c16b8589f38142e8e2f8319dcea27e0bc21a87/pyproj-3.6.1-cp310-cp310-macosx_10_9_x86_64.whl", hash = "sha256:ab7aa4d9ff3c3acf60d4b285ccec134167a948df02347585fdd934ebad8811b4", size = 6142763, upload-time = "2023-09-21T02:07:12.844Z" },
    { url = "https://files.pythonhosted.org/packages/18/86/2e7cb9de40492f1bafbf11f4c9072edc394509a40b5e4c52f8139546f039/pyproj-3.6.1-cp310-cp310-macosx_11_0_arm64.whl", hash = "sha256:4bc0472302919e59114aa140fd7213c2370d848a7249d09704f10f5b062031fe", size = 4877123, upload-time = "2023-09-21T02:10:37.905Z" },
    { url = "https://files.pythonhosted.org/packages/5e/c5/928d5a26995dbefbebd7507d982141cd9153bc7e4392b334fff722c4af12/pyproj-3.6.1-cp310-cp310-manylinux_2_17_aarch64.manylinux2014_aarch64.whl", hash = "sha256:5279586013b8d6582e22b6f9e30c49796966770389a9d5b85e25a4223286cd3f", size = 6190576, upload-time = "2023-09-21T02:17:08.637Z" },
    { url = "https://files.pythonhosted.org/packages/f6/2b/b60cf73b0720abca313bfffef34e34f7f7dae23852b2853cf0368d49426b/pyproj-3.6.1-cp310-cp310-manylinux_2_17_x86_64.manylinux2014_x86_64.whl", hash = "sha256:80fafd1f3eb421694857f254a9bdbacd1eb22fc6c24ca74b136679f376f97d35", size = 8328075, upload-time = "2023-09-21T02:07:15.353Z" },
    { url = "https://files.pythonhosted.org/packages/d9/a8/7193f46032636be917bc775506ae987aad72c931b1f691b775ca812a2917/pyproj-3.6.1-cp310-cp310-win32.whl", hash = "sha256:c41e80ddee130450dcb8829af7118f1ab69eaf8169c4bf0ee8d52b72f098dc2f", size = 5635713, upload-time = "2023-09-21T02:07:17.548Z" },
    { url = "https://files.pythonhosted.org/packages/89/8f/27350c8fba71a37cd0d316f100fbd96bf139cc2b5ff1ab0dcbc7ac64010a/pyproj-3.6.1-cp310-cp310-win_amd64.whl", hash = "sha256:db3aedd458e7f7f21d8176f0a1d924f1ae06d725228302b872885a1c34f3119e", size = 6087932, upload-time = "2023-09-21T02:07:19.793Z" },
]

[[package]]
name = "pyshp"
version = "3.0.3"
source = { registry = "https://pypi.org/simple" }
sdist = { url = "https://files.pythonhosted.org/packages/8c/20/8b07bae73aaa0c3f5a2683ba6e23b46e977e2d33a88126d56bbcc2d135cd/pyshp-3.0.3.tar.gz", hash = "sha256:bf4678b13dd53578ed87669676a2fffeccbcded1ec8ff9cafb36d1b660f4b305", size = 2192568, upload-time = "2025-11-28T17:47:31.616Z" }
wheels = [
    { url = "https://files.pythonhosted.org/packages/82/06/cad54e8ce758bd836ee5411691cbd49efeb9cc611b374670fce299519334/pyshp-3.0.3-py3-none-any.whl", hash = "sha256:28c8fac8c0c25bb0fecbbfd10ead7f319c2ff2f3b0b44a94f22bd2c93510ad42", size = 58465, upload-time = "2025-11-28T17:47:30.328Z" },
]

[[package]]
name = "pytest"
version = "9.0.2"
source = { registry = "https://pypi.org/simple" }
dependencies = [
    { name = "colorama", marker = "sys_platform == 'win32'" },
    { name = "exceptiongroup" },
    { name = "iniconfig" },
    { name = "packaging" },
    { name = "pluggy" },
    { name = "pygments" },
    { name = "tomli" },
]
sdist = { url = "https://files.pythonhosted.org/packages/d1/db/7ef3487e0fb0049ddb5ce41d3a49c235bf9ad299b6a25d5780a89f19230f/pytest-9.0.2.tar.gz", hash = "sha256:75186651a92bd89611d1d9fc20f0b4345fd827c41ccd5c299a868a05d70edf11", size = 1568901, upload-time = "2025-12-06T21:30:51.014Z" }
wheels = [
    { url = "https://files.pythonhosted.org/packages/3b/ab/b3226f0bd7cdcf710fbede2b3548584366da3b19b5021e74f5bde2a8fa3f/pytest-9.0.2-py3-none-any.whl", hash = "sha256:711ffd45bf766d5264d487b917733b453d917afd2b0ad65223959f59089f875b", size = 374801, upload-time = "2025-12-06T21:30:49.154Z" },
]

[[package]]
name = "python-dateutil"
version = "2.9.0.post0"
source = { registry = "https://pypi.org/simple" }
dependencies = [
    { name = "six" },
]
sdist = { url = "https://files.pythonhosted.org/packages/66/c0/0c8b6ad9f17a802ee498c46e004a0eb49bc148f2fd230864601a86dcf6db/python-dateutil-2.9.0.post0.tar.gz", hash = "sha256:37dd54208da7e1cd875388217d5e00ebd4179249f90fb72437e91a35459a0ad3", size = 342432, upload-time = "2024-03-01T18:36:20.211Z" }
wheels = [
    { url = "https://files.pythonhosted.org/packages/ec/57/56b9bcc3c9c6a792fcbaf139543cee77261f3651ca9da0c93f5c1221264b/python_dateutil-2.9.0.post0-py2.py3-none-any.whl", hash = "sha256:a8b2bc7bffae282281c8140a97d3aa9c14da0b136dfe83f850eea9a5f7470427", size = 229892, upload-time = "2024-03-01T18:36:18.57Z" },
]

[[package]]
name = "pytz"
version = "2026.1.post1"
source = { registry = "https://pypi.org/simple" }
sdist = { url = "https://files.pythonhosted.org/packages/56/db/b8721d71d945e6a8ac63c0fc900b2067181dbb50805958d4d4661cf7d277/pytz-2026.1.post1.tar.gz", hash = "sha256:3378dde6a0c3d26719182142c56e60c7f9af7e968076f31aae569d72a0358ee1", size = 321088, upload-time = "2026-03-03T07:47:50.683Z" }
wheels = [
    { url = "https://files.pythonhosted.org/packages/10/99/781fe0c827be2742bcc775efefccb3b048a3a9c6ce9aec0cbf4a101677e5/pytz-2026.1.post1-py2.py3-none-any.whl", hash = "sha256:f2fd16142fda348286a75e1a524be810bb05d444e5a081f37f7affc635035f7a", size = 510489, upload-time = "2026-03-03T07:47:49.167Z" },
]

[[package]]
name = "rcsd-topo-poc"
version = "0.0.0"
source = { editable = "." }
dependencies = [
    { name = "fiona" },
    { name = "ijson" },
    { name = "numpy" },
    { name = "pillow" },
    { name = "pyproj" },
    { name = "pyshp" },
    { name = "shapely" },
]

[package.optional-dependencies]
dev = [
    { name = "geopandas" },
    { name = "pytest" },
]

[package.metadata]
requires-dist = [
    { name = "fiona", specifier = ">=1.9,<2" },
    { name = "geopandas", marker = "extra == 'dev'", specifier = ">=1.1,<2" },
    { name = "ijson", specifier = ">=3.4,<4" },
    { name = "numpy", specifier = ">=1.26,<3" },
    { name = "pillow", specifier = ">=10,<12" },
    { name = "pyproj", specifier = ">=3.6,<3.7" },
    { name = "pyshp", specifier = ">=3.0" },
    { name = "pytest", marker = "extra == 'dev'", specifier = ">=7.0" },
    { name = "shapely", specifier = ">=2.0,<3" },
]
provides-extras = ["dev"]

[[package]]
name = "shapely"
version = "2.1.2"
source = { registry = "https://pypi.org/simple" }
dependencies = [
    { name = "numpy" },
]
sdist = { url = "https://files.pythonhosted.org/packages/4d/bc/0989043118a27cccb4e906a46b7565ce36ca7b57f5a18b78f4f1b0f72d9d/shapely-2.1.2.tar.gz", hash = "sha256:2ed4ecb28320a433db18a5bf029986aa8afcfd740745e78847e330d5d94922a9", size = 315489, upload-time = "2025-09-24T13:51:41.432Z" }
wheels = [
    { url = "https://files.pythonhosted.org/packages/05/89/c3548aa9b9812a5d143986764dededfa48d817714e947398bdda87c77a72/shapely-2.1.2-cp310-cp310-macosx_10_9_x86_64.whl", hash = "sha256:7ae48c236c0324b4e139bea88a306a04ca630f49be66741b340729d380d8f52f", size = 1825959, upload-time = "2025-09-24T13:50:00.682Z" },
    { url = "https://files.pythonhosted.org/packages/ce/8a/7ebc947080442edd614ceebe0ce2cdbd00c25e832c240e1d1de61d0e6b38/shapely-2.1.2-cp310-cp310-macosx_11_0_arm64.whl", hash = "sha256:eba6710407f1daa8e7602c347dfc94adc02205ec27ed956346190d66579eb9ea", size = 1629196, upload-time = "2025-09-24T13:50:03.447Z" },
    { url = "https://files.pythonhosted.org/packages/c8/86/c9c27881c20d00fc409e7e059de569d5ed0abfcec9c49548b124ebddea51/shapely-2.1.2-cp310-cp310-manylinux2014_aarch64.manylinux_2_17_aarch64.whl", hash = "sha256:ef4a456cc8b7b3d50ccec29642aa4aeda959e9da2fe9540a92754770d5f0cf1f", size = 2951065, upload-time = "2025-09-24T13:50:05.266Z" },
    { url = "https://files.pythonhosted.org/packages/50/8a/0ab1f7433a2a85d9e9aea5b1fbb333f3b09b309e7817309250b4b7b2cc7a/shapely-2.1.2-cp310-cp310-manylinux2014_x86_64.manylinux_2_17_x86_64.whl", hash = "sha256:e38a190442aacc67ff9f75ce60aec04893041f16f97d242209106d502486a142", size = 3058666, upload-time = "2025-09-24T13:50:06.872Z" },
    { url = "https://files.pythonhosted.org/packages/bb/c6/5a30ffac9c4f3ffd5b7113a7f5299ccec4713acd5ee44039778a7698224e/shapely-2.1.2-cp310-cp310-musllinux_1_2_aarch64.whl", hash = "sha256:40d784101f5d06a1fd30b55fc11ea58a61be23f930d934d86f19a180909908a4", size = 3966905, upload-time = "2025-09-24T13:50:09.417Z" },
    { url = "https://files.pythonhosted.org/packages/9c/72/e92f3035ba43e53959007f928315a68fbcf2eeb4e5ededb6f0dc7ff1ecc3/shapely-2.1.2-cp310-cp310-musllinux_1_2_x86_64.whl", hash = "sha256:f6f6cd5819c50d9bcf921882784586aab34a4bd53e7553e175dece6db513a6f0", size = 4129260, upload-time = "2025-09-24T13:50:11.183Z" },
    { url = "https://files.pythonhosted.org/packages/42/24/605901b73a3d9f65fa958e63c9211f4be23d584da8a1a7487382fac7fdc5/shapely-2.1.2-cp310-cp310-win32.whl", hash = "sha256:fe9627c39c59e553c90f5bc3128252cb85dc3b3be8189710666d2f8bc3a5503e", size = 1544301, upload-time = "2025-09-24T13:50:12.521Z" },
    { url = "https://files.pythonhosted.org/packages/e1/89/6db795b8dd3919851856bd2ddd13ce434a748072f6fdee42ff30cbd3afa3/shapely-2.1.2-cp310-cp310-win_amd64.whl", hash = "sha256:1d0bfb4b8f661b3b4ec3565fa36c340bfb1cda82087199711f86a88647d26b2f", size = 1722074, upload-time = "2025-09-24T13:50:13.909Z" },
]

[[package]]
name = "six"
version = "1.17.0"
source = { registry = "https://pypi.org/simple" }
sdist = { url = "https://files.pythonhosted.org/packages/94/e7/b2c673351809dca68a0e064b6af791aa332cf192da575fd474ed7d6f16a2/six-1.17.0.tar.gz", hash = "sha256:ff70335d468e7eb6ec65b95b99d3a2836546063f63acc5171de367e834932a81", size = 34031, upload-time = "2024-12-04T17:35:28.174Z" }
wheels = [
    { url = "https://files.pythonhosted.org/packages/b7/ce/149a00dd41f10bc29e5921b496af8b574d8413afcd5e30dfa0ed46c2cc5e/six-1.17.0-py2.py3-none-any.whl", hash = "sha256:4721f391ed90541fddacab5acf947aa0d3dc7d27b2e1e8eda2be8970586c3274", size = 11050, upload-time = "2024-12-04T17:35:26.475Z" },
]

[[package]]
name = "tomli"
version = "2.4.0"
source = { registry = "https://pypi.org/simple" }
sdist = { url = "https://files.pythonhosted.org/packages/82/30/31573e9457673ab10aa432461bee537ce6cef177667deca369efb79df071/tomli-2.4.0.tar.gz", hash = "sha256:aa89c3f6c277dd275d8e243ad24f3b5e701491a860d5121f2cdd399fbb31fc9c", size = 17477, upload-time = "2026-01-11T11:22:38.165Z" }
wheels = [
    { url = "https://files.pythonhosted.org/packages/23/d1/136eb2cb77520a31e1f64cbae9d33ec6df0d78bdf4160398e86eec8a8754/tomli-2.4.0-py3-none-any.whl", hash = "sha256:1f776e7d669ebceb01dee46484485f43a4048746235e683bcdffacdf1fb4785a", size = 14477, upload-time = "2026-01-11T11:22:37.446Z" },
]

[[package]]
name = "typing-extensions"
version = "4.15.0"
source = { registry = "https://pypi.org/simple" }
sdist = { url = "https://files.pythonhosted.org/packages/72/94/1a15dd82efb362ac84269196e94cf00f187f7ed21c242792a923cdb1c61f/typing_extensions-4.15.0.tar.gz", hash = "sha256:0cea48d173cc12fa28ecabc3b837ea3cf6f38c6d1136f85cbaaf598984861466", size = 109391, upload-time = "2025-08-25T13:49:26.313Z" }
wheels = [
    { url = "https://files.pythonhosted.org/packages/18/67/36e9267722cc04a6b9f15c7f3441c2363321a3ea07da7ae0c0707beb2a9c/typing_extensions-4.15.0-py3-none-any.whl", hash = "sha256:f0fa19c6845758ab08074a0cfa8b7aecb71c999ca73d62883bc25cc018c4e548", size = 44614, upload-time = "2025-08-25T13:49:24.86Z" },
]

[[package]]
name = "tzdata"
version = "2026.1"
source = { registry = "https://pypi.org/simple" }
sdist = { url = "https://files.pythonhosted.org/packages/19/f5/cd531b2d15a671a40c0f66cf06bc3570a12cd56eef98960068ebbad1bf5a/tzdata-2026.1.tar.gz", hash = "sha256:67658a1903c75917309e753fdc349ac0efd8c27db7a0cb406a25be4840f87f98", size = 197639, upload-time = "2026-04-03T11:25:22.002Z" }
wheels = [
    { url = "https://files.pythonhosted.org/packages/b0/70/d460bd685a170790ec89317e9bd33047988e4bce507b831f5db771e142de/tzdata-2026.1-py2.py3-none-any.whl", hash = "sha256:4b1d2be7ac37ceafd7327b961aa3a54e467efbdb563a23655fbfe0d39cfc42a9", size = 348952, upload-time = "2026-04-03T11:25:20.313Z" },
]
